
Microsoft Visual Studio Solution File, Format Version 12.00
# Visual Studio Version 17
VisualStudioVersion = 17.10.35013.160
MinimumVisualStudioVersion = 10.0.40219.1
Project("{9A19103F-16F7-4668-BE54-9A1E7A4F7556}") = "Identity.API", "Identity.API\Identity.API.csproj", "{C4BDA004-D45D-4877-9E81-2F2043463679}"
EndProject
Project("{9A19103F-16F7-4668-BE54-9A1E7A4F7556}") = "Identity-Domain", "Identity-Domain\Identity-Domain.csproj", "{10EC2240-7505-4AF4-A8B5-2B9F6663CE8C}"
EndProject
Project("{9A19103F-16F7-4668-BE54-9A1E7A4F7556}") = "Identity-Application", "Identity-Application\Identity-Application.csproj", "{A3C7D775-11CF-4E92-990D-56C52993F0AD}"
EndProject
Project("{9A19103F-16F7-4668-BE54-9A1E7A4F7556}") = "Identity-Infrastrucutre", "Identity-Infrastrucutre\Identity-Infrastrucutre.csproj", "{950C7C2F-7D53-434E-B910-0D3989F974CC}"
EndProject
Project("{E53339B2-1760-4266-BCC7-CA923CBCF16C}") = "docker-compose", "docker-compose.dcproj", "{949AD431-0CFB-463B-9969-B82DFACC8D16}"
EndProject
Project("{2150E333-8FDC-42A3-9474-1A3956D46DE8}") = "src", "src", "{B15A4C8E-42D9-4ED1-9D91-4AD5CA52AD19}"
EndProject
Project("{2150E333-8FDC-42A3-9474-1A3956D46DE8}") = "test", "test", "{80B27086-AB32-4FE9-B42A-F1A46E0908B8}"
EndProject
Global
	GlobalSection(SolutionConfigurationPlatforms) = preSolution
		Debug|Any CPU = Debug|Any CPU
		Release|Any CPU = Release|Any CPU
	EndGlobalSection
	GlobalSection(ProjectConfigurationPlatforms) = postSolution
		{C4BDA004-D45D-4877-9E81-2F2043463679}.Debug|Any CPU.ActiveCfg = Debug|Any CPU
		{C4BDA004-D45D-4877-9E81-2F2043463679}.Debug|Any CPU.Build.0 = Debug|Any CPU
		{C4BDA004-D45D-4877-9E81-2F2043463679}.Release|Any CPU.ActiveCfg = Release|Any CPU
		{C4BDA004-D45D-4877-9E81-2F2043463679}.Release|Any CPU.Build.0 = Release|Any CPU
		{10EC2240-7505-4AF4-A8B5-2B9F6663CE8C}.Debug|Any CPU.ActiveCfg = Debug|Any CPU
		{10EC2240-7505-4AF4-A8B5-2B9F6663CE8C}.Debug|Any CPU.Build.0 = Debug|Any CPU
		{10EC2240-7505-4AF4-A8B5-2B9F6663CE8C}.Release|Any CPU.ActiveCfg = Release|Any CPU
		{10EC2240-7505-4AF4-A8B5-2B9F6663CE8C}.Release|Any CPU.Build.0 = Release|Any CPU
		{A3C7D775-11CF-4E92-990D-56C52993F0AD}.Debug|Any CPU.ActiveCfg = Debug|Any CPU
		{A3C7D775-11CF-4E92-990D-56C52993F0AD}.Debug|Any CPU.Build.0 = Debug|Any CPU
		{A3C7D775-11CF-4E92-990D-56C52993F0AD}.Release|Any CPU.ActiveCfg = Release|Any CPU
		{A3C7D775-11CF-4E92-990D-56C52993F0AD}.Release|Any CPU.Build.0 = Release|Any CPU
		{950C7C2F-7D53-434E-B910-0D3989F974CC}.Debug|Any CPU.ActiveCfg = Debug|Any CPU
		{950C7C2F-7D53-434E-B910-0D3989F974CC}.Debug|Any CPU.Build.0 = Debug|Any CPU
		{950C7C2F-7D53-434E-B910-0D3989F974CC}.Release|Any CPU.ActiveCfg = Release|Any CPU
		{950C7C2F-7D53-434E-B910-0D3989F974CC}.Release|Any CPU.Build.0 = Release|Any CPU
		{949AD431-0CFB-463B-9969-B82DFACC8D16}.Debug|Any CPU.ActiveCfg = Debug|Any CPU
		{949AD431-0CFB-463B-9969-B82DFACC8D16}.Debug|Any CPU.Build.0 = Debug|Any CPU
		{949AD431-0CFB-463B-9969-B82DFACC8D16}.Release|Any CPU.ActiveCfg = Release|Any CPU
		{949AD431-0CFB-463B-9969-B82DFACC8D16}.Release|Any CPU.Build.0 = Release|Any CPU
	EndGlobalSection
	GlobalSection(SolutionProperties) = preSolution
		HideSolutionNode = FALSE
	EndGlobalSection
	GlobalSection(NestedProjects) = preSolution
		{C4BDA004-D45D-4877-9E81-2F2043463679} = {B15A4C8E-42D9-4ED1-9D91-4AD5CA52AD19}
		{10EC2240-7505-4AF4-A8B5-2B9F6663CE8C} = {B15A4C8E-42D9-4ED1-9D91-4AD5CA52AD19}
		{A3C7D775-11CF-4E92-990D-56C52993F0AD} = {B15A4C8E-42D9-4ED1-9D91-4AD5CA52AD19}
		{950C7C2F-7D53-434E-B910-0D3989F974CC} = {B15A4C8E-42D9-4ED1-9D91-4AD5CA52AD19}
	EndGlobalSection
	GlobalSection(ExtensibilityGlobals) = postSolution
		SolutionGuid = {157B8342-0C68-46A1-BCE9-44D1136F84D1}
	EndGlobalSection
EndGlobal
